{
  "name": "interactive-dataizations-and-charts-package",
  "version": "1.0.0",
  "lockfileVersion": 3,
  "requires": true,
  "packages": {
    "": {
      "name": "interactive-dataizations-and-charts-package",
      "version": "1.0.0",
      "license": "MIT",
      "dependencies": {
        "image-optimizer-utility": "^1.0.0"
      }
    },
    "node_modules/image-optimizer-utility": {
      "version": "1.0.0",
      "resolved": "https://registry.npmjs.org/image-optimizer-utility/-/image-optimizer-utility-1.0.0.tgz",
      "integrity": "sha512-uuQFooHg1xqp4V1qlhAKyU+43bKLJ1R2zJmDiQaT80LCAGGUkMXkDf/Cp6FCnc0g76/pG6/YPEuGEkM2n/AJKA=="
    }
  }
}
